{
  "name": "sentry",
  "version": "1.0.0",
  "lockfileVersion": 1,
  "requires": true,
  "dependencies": {
    "@sentry/browser": {
      "version": "6.8.0",
      "resolved": "https://registry.nlark.com/@sentry/browser/download/@sentry/browser-6.8.0.tgz",
      "integrity": "sha1-AjcHzSMC9oGAFOmn4SSFay0GQXg=",
      "requires": {
        "@sentry/core": "6.8.0",
        "@sentry/types": "6.8.0",
        "@sentry/utils": "6.8.0",
        "tslib": "^1.9.3"
      }
    },
    "@sentry/core": {
      "version": "6.8.0",
      "resolved": "https://registry.nlark.com/@sentry/core/download/@sentry/core-6.8.0.tgz",
      "integrity": "sha1-v6x2hE3u6RJkYMGNxhZgFZku/cM=",
      "requires": {
        "@sentry/hub": "6.8.0",
        "@sentry/minimal": "6.8.0",
        "@sentry/types": "6.8.0",
        "@sentry/utils": "6.8.0",
        "tslib": "^1.9.3"
      }
    },
    "@sentry/hub": {
      "version": "6.8.0",
      "resolved": "https://registry.nlark.com/@sentry/hub/download/@sentry/hub-6.8.0.tgz",
      "integrity": "sha1-yw+FCQk5Ge08HvmO+M9j3BAqZSQ=",
      "requires": {
        "@sentry/types": "6.8.0",
        "@sentry/utils": "6.8.0",
        "tslib": "^1.9.3"
      }
    },
    "@sentry/minimal": {
      "version": "6.8.0",
      "resolved": "https://registry.nlark.com/@sentry/minimal/download/@sentry/minimal-6.8.0.tgz",
      "integrity": "sha1-1sPkyW8jE2eusrioeoO1PSjnxts=",
      "requires": {
        "@sentry/hub": "6.8.0",
        "@sentry/types": "6.8.0",
        "tslib": "^1.9.3"
      }
    },
    "@sentry/node": {
      "version": "5.5.0",
      "resolved": "https://registry.nlark.com/@sentry/node/download/@sentry/node-5.5.0.tgz",
      "integrity": "sha1-cKYn/DlXEy5ZInjs5Ff3OrXdDsM=",
      "requires": {
        "@sentry/core": "5.5.0",
        "@sentry/hub": "5.5.0",
        "@sentry/types": "5.5.0",
        "@sentry/utils": "5.5.0",
        "cookie": "0.3.1",
        "https-proxy-agent": "2.2.1",
        "lru_map": "0.3.3",
        "tslib": "^1.9.3"
      },
      "dependencies": {
        "@sentry/core": {
          "version": "5.5.0",
          "resolved": "https://registry.nlark.com/@sentry/core/download/@sentry/core-5.5.0.tgz",
          "integrity": "sha1-V0/ckijItKkJwBQOsNiwmBdcD0c=",
          "requires": {
            "@sentry/hub": "5.5.0",
            "@sentry/minimal": "5.5.0",
            "@sentry/types": "5.5.0",
            "@sentry/utils": "5.5.0",
            "tslib": "^1.9.3"
          }
        },
        "@sentry/hub": {
          "version": "5.5.0",
          "resolved": "https://registry.nlark.com/@sentry/hub/download/@sentry/hub-5.5.0.tgz",
          "integrity": "sha1-a47s92n6aTJg1F53H0vKFb28b0s=",
          "requires": {
            "@sentry/types": "5.5.0",
            "@sentry/utils": "5.5.0",
            "tslib": "^1.9.3"
          }
        },
        "@sentry/minimal": {
          "version": "5.5.0",
          "resolved": "https://registry.nlark.com/@sentry/minimal/download/@sentry/minimal-5.5.0.tgz",
          "integrity": "sha1-6nk5uO/jB9JXdbIyJ6P4XftGsnQ=",
          "requires": {
            "@sentry/hub": "5.5.0",
            "@sentry/types": "5.5.0",
            "tslib": "^1.9.3"
          }
        },
        "@sentry/types": {
          "version": "5.5.0",
          "resolved": "https://registry.nlark.com/@sentry/types/download/@sentry/types-5.5.0.tgz",
          "integrity": "sha1-Dn2Og1nHr2hSWNkrI4MQcrt59Go="
        },
        "@sentry/utils": {
          "version": "5.5.0",
          "resolved": "https://registry.nlark.com/@sentry/utils/download/@sentry/utils-5.5.0.tgz",
          "integrity": "sha1-XFFr4FaPTUYq1VDHI7eOOtd3bE4=",
          "requires": {
            "@sentry/types": "5.5.0",
            "tslib": "^1.9.3"
          }
        }
      }
    },
    "@sentry/types": {
      "version": "6.8.0",
      "resolved": "https://registry.nlark.com/@sentry/types/download/@sentry/types-6.8.0.tgz",
      "integrity": "sha1-l/1TGg7R515ltKJLJlCft8Fet7g="
    },
    "@sentry/utils": {
      "version": "6.8.0",
      "resolved": "https://registry.nlark.com/@sentry/utils/download/@sentry/utils-6.8.0.tgz",
      "integrity": "sha1-D/r6W2n+DN6rrVxKbMaKQm6qazc=",
      "requires": {
        "@sentry/types": "6.8.0",
        "tslib": "^1.9.3"
      }
    },
    "agent-base": {
      "version": "4.3.0",
      "resolved": "https://registry.npm.taobao.org/agent-base/download/agent-base-4.3.0.tgz",
      "integrity": "sha1-gWXwHENgCbzK0LHRIvBe13Dvxu4=",
      "requires": {
        "es6-promisify": "^5.0.0"
      }
    },
    "cookie": {
      "version": "0.3.1",
      "resolved": "https://registry.nlark.com/cookie/download/cookie-0.3.1.tgz",
      "integrity": "sha1-5+Ch+e9DtMi6klxcWpboBtFoc7s="
    },
    "debug": {
      "version": "3.2.7",
      "resolved": "https://registry.nlark.com/debug/download/debug-3.2.7.tgz",
      "integrity": "sha1-clgLfpFF+zm2Z2+cXl+xALk0F5o=",
      "requires": {
        "ms": "^2.1.1"
      }
    },
    "es6-promise": {
      "version": "4.2.8",
      "resolved": "https://registry.npm.taobao.org/es6-promise/download/es6-promise-4.2.8.tgz",
      "integrity": "sha1-TrIVlMlyvEBVPSduUQU5FD21Pgo="
    },
    "es6-promisify": {
      "version": "5.0.0",
      "resolved": "https://registry.nlark.com/es6-promisify/download/es6-promisify-5.0.0.tgz?cache=0&sync_timestamp=1622039040457&other_urls=https%3A%2F%2Fregistry.nlark.com%2Fes6-promisify%2Fdownload%2Fes6-promisify-5.0.0.tgz",
      "integrity": "sha1-UQnWLz5W6pZ8S2NQWu8IKRyKUgM=",
      "requires": {
        "es6-promise": "^4.0.3"
      }
    },
    "https-proxy-agent": {
      "version": "2.2.1",
      "resolved": "https://registry.npm.taobao.org/https-proxy-agent/download/https-proxy-agent-2.2.1.tgz",
      "integrity": "sha1-UVUpcPoE1yPgTFbQQXjD+SWSu8A=",
      "requires": {
        "agent-base": "^4.1.0",
        "debug": "^3.1.0"
      }
    },
    "lru_map": {
      "version": "0.3.3",
      "resolved": "https://registry.npm.taobao.org/lru_map/download/lru_map-0.3.3.tgz",
      "integrity": "sha1-tcg1G5Rky9dQM1p5ZQoOwOVhGN0="
    },
    "ms": {
      "version": "2.1.3",
      "resolved": "https://registry.nlark.com/ms/download/ms-2.1.3.tgz?cache=0&sync_timestamp=1622605323239&other_urls=https%3A%2F%2Fregistry.nlark.com%2Fms%2Fdownload%2Fms-2.1.3.tgz",
      "integrity": "sha1-V0yBOM4dK1hh8LRFedut1gxmFbI="
    },
    "tslib": {
      "version": "1.14.1",
      "resolved": "https://registry.nlark.com/tslib/download/tslib-1.14.1.tgz?cache=0&sync_timestamp=1623452333273&other_urls=https%3A%2F%2Fregistry.nlark.com%2Ftslib%2Fdownload%2Ftslib-1.14.1.tgz",
      "integrity": "sha1-zy04vcNKE0vK8QkcQfZhni9nLQA="
    }
  }
}
