{
  "name": "sentry",
  "version": "1.0.0",
  "lockfileVersion": 1,
  "requires": true,
  "dependencies": {
    "@sentry/browser": {
      "version": "6.8.0",
      "resolved": "https://registry.nlark.com/@sentry/browser/download/@sentry/browser-6.8.0.tgz",
      "integrity": "sha1-AjcHzSMC9oGAFOmn4SSFay0GQXg=",
      "requires": {
        "@sentry/core": "6.8.0",
        "@sentry/types": "6.8.0",
        "@sentry/utils": "6.8.0",
        "tslib": "^1.9.3"
      }
    },
    "@sentry/core": {
      "version": "6.8.0",
      "resolved": "https://registry.nlark.com/@sentry/core/download/@sentry/core-6.8.0.tgz",
      "integrity": "sha1-v6x2hE3u6RJkYMGNxhZgFZku/cM=",
      "requires": {
        "@sentry/hub": "6.8.0",
        "@sentry/minimal": "6.8.0",
        "@sentry/types": "6.8.0",
        "@sentry/utils": "6.8.0",
        "tslib": "^1.9.3"
      }
    },
    "@sentry/hub": {
      "version": "6.8.0",
      "resolved": "https://registry.nlark.com/@sentry/hub/download/@sentry/hub-6.8.0.tgz",
      "integrity": "sha1-yw+FCQk5Ge08HvmO+M9j3BAqZSQ=",
      "requires": {
        "@sentry/types": "6.8.0",
        "@sentry/utils": "6.8.0",
        "tslib": "^1.9.3"
      }
    },
    "@sentry/minimal": {
      "version": "6.8.0",
      "resolved": "https://registry.nlark.com/@sentry/minimal/download/@sentry/minimal-6.8.0.tgz",
      "integrity": "sha1-1sPkyW8jE2eusrioeoO1PSjnxts=",
      "requires": {
        "@sentry/hub": "6.8.0",
        "@sentry/types": "6.8.0",
        "tslib": "^1.9.3"
      }
    },
    "@sentry/node": {
      "version": "5.30.0",
      "resolved": "https://registry.npmjs.org/@sentry/node/-/node-5.30.0.tgz",
      "integrity": "sha512-Br5oyVBF0fZo6ZS9bxbJZG4ApAjRqAnqFFurMVJJdunNb80brh7a5Qva2kjhm+U6r9NJAB5OmDyPkA1Qnt+QVg==",
      "requires": {
        "@sentry/core": "5.30.0",
        "@sentry/hub": "5.30.0",
        "@sentry/tracing": "5.30.0",
        "@sentry/types": "5.30.0",
        "@sentry/utils": "5.30.0",
        "cookie": "^0.4.1",
        "https-proxy-agent": "^5.0.0",
        "lru_map": "^0.3.3",
        "tslib": "^1.9.3"
      },
      "dependencies": {
        "@sentry/core": {
          "version": "5.30.0",
          "resolved": "https://registry.npmjs.org/@sentry/core/-/core-5.30.0.tgz",
          "integrity": "sha512-TmfrII8w1PQZSZgPpUESqjB+jC6MvZJZdLtE/0hZ+SrnKhW3x5WlYLvTXZpcWePYBku7rl2wn1RZu6uT0qCTeg==",
          "requires": {
            "@sentry/hub": "5.30.0",
            "@sentry/minimal": "5.30.0",
            "@sentry/types": "5.30.0",
            "@sentry/utils": "5.30.0",
            "tslib": "^1.9.3"
          }
        },
        "@sentry/hub": {
          "version": "5.30.0",
          "resolved": "https://registry.npmjs.org/@sentry/hub/-/hub-5.30.0.tgz",
          "integrity": "sha512-2tYrGnzb1gKz2EkMDQcfLrDTvmGcQPuWxLnJKXJvYTQDGLlEvi2tWz1VIHjunmOvJrB5aIQLhm+dcMRwFZDCqQ==",
          "requires": {
            "@sentry/types": "5.30.0",
            "@sentry/utils": "5.30.0",
            "tslib": "^1.9.3"
          }
        },
        "@sentry/minimal": {
          "version": "5.30.0",
          "resolved": "https://registry.npmjs.org/@sentry/minimal/-/minimal-5.30.0.tgz",
          "integrity": "sha512-BwWb/owZKtkDX+Sc4zCSTNcvZUq7YcH3uAVlmh/gtR9rmUvbzAA3ewLuB3myi4wWRAMEtny6+J/FN/x+2wn9Xw==",
          "requires": {
            "@sentry/hub": "5.30.0",
            "@sentry/types": "5.30.0",
            "tslib": "^1.9.3"
          }
        },
        "@sentry/types": {
          "version": "5.30.0",
          "resolved": "https://registry.npmjs.org/@sentry/types/-/types-5.30.0.tgz",
          "integrity": "sha512-R8xOqlSTZ+htqrfteCWU5Nk0CDN5ApUTvrlvBuiH1DyP6czDZ4ktbZB0hAgBlVcK0U+qpD3ag3Tqqpa5Q67rPw=="
        },
        "@sentry/utils": {
          "version": "5.30.0",
          "resolved": "https://registry.npmjs.org/@sentry/utils/-/utils-5.30.0.tgz",
          "integrity": "sha512-zaYmoH0NWWtvnJjC9/CBseXMtKHm/tm40sz3YfJRxeQjyzRqNQPgivpd9R/oDJCYj999mzdW382p/qi2ypjLww==",
          "requires": {
            "@sentry/types": "5.30.0",
            "tslib": "^1.9.3"
          }
        }
      }
    },
    "@sentry/tracing": {
      "version": "5.30.0",
      "resolved": "https://registry.npmjs.org/@sentry/tracing/-/tracing-5.30.0.tgz",
      "integrity": "sha512-dUFowCr0AIMwiLD7Fs314Mdzcug+gBVo/+NCMyDw8tFxJkwWAKl7Qa2OZxLQ0ZHjakcj1hNKfCQJ9rhyfOl4Aw==",
      "requires": {
        "@sentry/hub": "5.30.0",
        "@sentry/minimal": "5.30.0",
        "@sentry/types": "5.30.0",
        "@sentry/utils": "5.30.0",
        "tslib": "^1.9.3"
      },
      "dependencies": {
        "@sentry/hub": {
          "version": "5.30.0",
          "resolved": "https://registry.npmjs.org/@sentry/hub/-/hub-5.30.0.tgz",
          "integrity": "sha512-2tYrGnzb1gKz2EkMDQcfLrDTvmGcQPuWxLnJKXJvYTQDGLlEvi2tWz1VIHjunmOvJrB5aIQLhm+dcMRwFZDCqQ==",
          "requires": {
            "@sentry/types": "5.30.0",
            "@sentry/utils": "5.30.0",
            "tslib": "^1.9.3"
          }
        },
        "@sentry/minimal": {
          "version": "5.30.0",
          "resolved": "https://registry.npmjs.org/@sentry/minimal/-/minimal-5.30.0.tgz",
          "integrity": "sha512-BwWb/owZKtkDX+Sc4zCSTNcvZUq7YcH3uAVlmh/gtR9rmUvbzAA3ewLuB3myi4wWRAMEtny6+J/FN/x+2wn9Xw==",
          "requires": {
            "@sentry/hub": "5.30.0",
            "@sentry/types": "5.30.0",
            "tslib": "^1.9.3"
          }
        },
        "@sentry/types": {
          "version": "5.30.0",
          "resolved": "https://registry.npmjs.org/@sentry/types/-/types-5.30.0.tgz",
          "integrity": "sha512-R8xOqlSTZ+htqrfteCWU5Nk0CDN5ApUTvrlvBuiH1DyP6czDZ4ktbZB0hAgBlVcK0U+qpD3ag3Tqqpa5Q67rPw=="
        },
        "@sentry/utils": {
          "version": "5.30.0",
          "resolved": "https://registry.npmjs.org/@sentry/utils/-/utils-5.30.0.tgz",
          "integrity": "sha512-zaYmoH0NWWtvnJjC9/CBseXMtKHm/tm40sz3YfJRxeQjyzRqNQPgivpd9R/oDJCYj999mzdW382p/qi2ypjLww==",
          "requires": {
            "@sentry/types": "5.30.0",
            "tslib": "^1.9.3"
          }
        }
      }
    },
    "@sentry/types": {
      "version": "6.8.0",
      "resolved": "https://registry.nlark.com/@sentry/types/download/@sentry/types-6.8.0.tgz",
      "integrity": "sha1-l/1TGg7R515ltKJLJlCft8Fet7g="
    },
    "@sentry/utils": {
      "version": "6.8.0",
      "resolved": "https://registry.nlark.com/@sentry/utils/download/@sentry/utils-6.8.0.tgz",
      "integrity": "sha1-D/r6W2n+DN6rrVxKbMaKQm6qazc=",
      "requires": {
        "@sentry/types": "6.8.0",
        "tslib": "^1.9.3"
      }
    },
    "agent-base": {
      "version": "6.0.2",
      "resolved": "https://registry.npmjs.org/agent-base/-/agent-base-6.0.2.tgz",
      "integrity": "sha512-RZNwNclF7+MS/8bDg70amg32dyeZGZxiDuQmZxKLAlQjr3jGyLx+4Kkk58UO7D2QdgFIQCovuSuZESne6RG6XQ==",
      "requires": {
        "debug": "4"
      }
    },
    "cookie": {
      "version": "0.4.2",
      "resolved": "https://registry.npmjs.org/cookie/-/cookie-0.4.2.tgz",
      "integrity": "sha512-aSWTXFzaKWkvHO1Ny/s+ePFpvKsPnjc551iI41v3ny/ow6tBG5Vd+FuqGNhh1LxOmVzOlGUriIlOaokOvhaStA=="
    },
    "debug": {
      "version": "4.3.4",
      "resolved": "https://registry.npmjs.org/debug/-/debug-4.3.4.tgz",
      "integrity": "sha512-PRWFHuSU3eDtQJPvnNY7Jcket1j0t5OuOsFzPPzsekD52Zl8qUfFIPEiswXqIvHWGVHOgX+7G/vCNNhehwxfkQ==",
      "requires": {
        "ms": "2.1.2"
      }
    },
    "https-proxy-agent": {
      "version": "5.0.1",
      "resolved": "https://registry.npmjs.org/https-proxy-agent/-/https-proxy-agent-5.0.1.tgz",
      "integrity": "sha512-dFcAjpTQFgoLMzC2VwU+C/CbS7uRL0lWmxDITmqm7C+7F0Odmj6s9l6alZc6AELXhrnggM2CeWSXHGOdX2YtwA==",
      "requires": {
        "agent-base": "6",
        "debug": "4"
      }
    },
    "lru_map": {
      "version": "0.3.3",
      "resolved": "https://registry.npmjs.org/lru_map/-/lru_map-0.3.3.tgz",
      "integrity": "sha512-Pn9cox5CsMYngeDbmChANltQl+5pi6XmTrraMSzhPmMBbmgcxmqWry0U3PGapCU1yB4/LqCcom7qhHZiF/jGfQ=="
    },
    "ms": {
      "version": "2.1.2",
      "resolved": "https://registry.npmjs.org/ms/-/ms-2.1.2.tgz",
      "integrity": "sha512-sGkPx+VjMtmA6MX27oA4FBFELFCZZ4S4XqeGOXCv68tT+jb3vk/RyaKWP0PTKyWtmLSM0b+adUTEvbs1PEaH2w=="
    },
    "tslib": {
      "version": "1.14.1",
      "resolved": "https://registry.nlark.com/tslib/download/tslib-1.14.1.tgz?cache=0&sync_timestamp=1623452333273&other_urls=https%3A%2F%2Fregistry.nlark.com%2Ftslib%2Fdownload%2Ftslib-1.14.1.tgz",
      "integrity": "sha1-zy04vcNKE0vK8QkcQfZhni9nLQA="
    }
  }
}
