# THIS IS AN AUTOGENERATED FILE. DO NOT EDIT THIS FILE DIRECTLY.
# yarn lockfile v1


"@sentry/browser@^6.8.0":
  version "6.8.0"
  resolved "https://registry.nlark.com/@sentry/browser/download/@sentry/browser-6.8.0.tgz?cache=0&sync_timestamp=1624876063546&other_urls=https%3A%2F%2Fregistry.nlark.com%2F%40sentry%2Fbrowser%2Fdownload%2F%40sentry%2Fbrowser-6.8.0.tgz#023707cd2302f6818014e9a7e124856b2d064178"
  dependencies:
    "@sentry/core" "6.8.0"
    "@sentry/types" "6.8.0"
    "@sentry/utils" "6.8.0"
    tslib "^1.9.3"

"@sentry/core@5.5.0":
  version "5.5.0"
  resolved "https://registry.nlark.com/@sentry/core/download/@sentry/core-5.5.0.tgz?cache=0&sync_timestamp=1624876057853&other_urls=https%3A%2F%2Fregistry.nlark.com%2F%40sentry%2Fcore%2Fdownload%2F%40sentry%2Fcore-5.5.0.tgz#574fdc9228c8b4a909c0140eb0d8b098175c0f47"
  dependencies:
    "@sentry/hub" "5.5.0"
    "@sentry/minimal" "5.5.0"
    "@sentry/types" "5.5.0"
    "@sentry/utils" "5.5.0"
    tslib "^1.9.3"

"@sentry/core@6.8.0":
  version "6.8.0"
  resolved "https://registry.nlark.com/@sentry/core/download/@sentry/core-6.8.0.tgz?cache=0&sync_timestamp=1624876057853&other_urls=https%3A%2F%2Fregistry.nlark.com%2F%40sentry%2Fcore%2Fdownload%2F%40sentry%2Fcore-6.8.0.tgz#bfac76844deee9126460c18dc6166015992efdc3"
  dependencies:
    "@sentry/hub" "6.8.0"
    "@sentry/minimal" "6.8.0"
    "@sentry/types" "6.8.0"
    "@sentry/utils" "6.8.0"
    tslib "^1.9.3"

"@sentry/hub@5.5.0":
  version "5.5.0"
  resolved "https://registry.nlark.com/@sentry/hub/download/@sentry/hub-5.5.0.tgz?cache=0&sync_timestamp=1624876060202&other_urls=https%3A%2F%2Fregistry.nlark.com%2F%40sentry%2Fhub%2Fdownload%2F%40sentry%2Fhub-5.5.0.tgz#6b8eecf769fa693260d45e771f4bca15bdbc6f4b"
  dependencies:
    "@sentry/types" "5.5.0"
    "@sentry/utils" "5.5.0"
    tslib "^1.9.3"

"@sentry/hub@6.8.0":
  version "6.8.0"
  resolved "https://registry.nlark.com/@sentry/hub/download/@sentry/hub-6.8.0.tgz?cache=0&sync_timestamp=1624876060202&other_urls=https%3A%2F%2Fregistry.nlark.com%2F%40sentry%2Fhub%2Fdownload%2F%40sentry%2Fhub-6.8.0.tgz#cb0f8509093919ed3c1ef98ef8cf63dc102a6524"
  dependencies:
    "@sentry/types" "6.8.0"
    "@sentry/utils" "6.8.0"
    tslib "^1.9.3"

"@sentry/minimal@5.5.0":
  version "5.5.0"
  resolved "https://registry.nlark.com/@sentry/minimal/download/@sentry/minimal-5.5.0.tgz?cache=0&sync_timestamp=1624876061493&other_urls=https%3A%2F%2Fregistry.nlark.com%2F%40sentry%2Fminimal%2Fdownload%2F%40sentry%2Fminimal-5.5.0.tgz#ea7939b8efe307d25775b23227a3f85dfb46b274"
  dependencies:
    "@sentry/hub" "5.5.0"
    "@sentry/types" "5.5.0"
    tslib "^1.9.3"

"@sentry/minimal@6.8.0":
  version "6.8.0"
  resolved "https://registry.nlark.com/@sentry/minimal/download/@sentry/minimal-6.8.0.tgz?cache=0&sync_timestamp=1624876061493&other_urls=https%3A%2F%2Fregistry.nlark.com%2F%40sentry%2Fminimal%2Fdownload%2F%40sentry%2Fminimal-6.8.0.tgz#d6c3e4c96f231367aeb2b8a87a83b53d28e7c6db"
  dependencies:
    "@sentry/hub" "6.8.0"
    "@sentry/types" "6.8.0"
    tslib "^1.9.3"

"@sentry/node@5.5.0":
  version "5.5.0"
  resolved "https://registry.nlark.com/@sentry/node/download/@sentry/node-5.5.0.tgz#70a627fc3957132e592278ece457f73ab5dd0ec3"
  dependencies:
    "@sentry/core" "5.5.0"
    "@sentry/hub" "5.5.0"
    "@sentry/types" "5.5.0"
    "@sentry/utils" "5.5.0"
    cookie "0.3.1"
    https-proxy-agent "2.2.1"
    lru_map "0.3.3"
    tslib "^1.9.3"

"@sentry/types@5.5.0":
  version "5.5.0"
  resolved "https://registry.nlark.com/@sentry/types/download/@sentry/types-5.5.0.tgz?cache=0&sync_timestamp=1624876062214&other_urls=https%3A%2F%2Fregistry.nlark.com%2F%40sentry%2Ftypes%2Fdownload%2F%40sentry%2Ftypes-5.5.0.tgz#0e7d8e8359c7af685258d92b23831072bb79f46a"

"@sentry/types@6.8.0":
  version "6.8.0"
  resolved "https://registry.nlark.com/@sentry/types/download/@sentry/types-6.8.0.tgz?cache=0&sync_timestamp=1624876062214&other_urls=https%3A%2F%2Fregistry.nlark.com%2F%40sentry%2Ftypes%2Fdownload%2F%40sentry%2Ftypes-6.8.0.tgz#97fd531a0ed1e75e65b4a24b26509fb7c15eb7b8"

"@sentry/utils@5.5.0":
  version "5.5.0"
  resolved "https://registry.nlark.com/@sentry/utils/download/@sentry/utils-5.5.0.tgz?cache=0&sync_timestamp=1624876059412&other_urls=https%3A%2F%2Fregistry.nlark.com%2F%40sentry%2Futils%2Fdownload%2F%40sentry%2Futils-5.5.0.tgz#5c516be0568f4d462ad550c723b78e3ad7776c4e"
  dependencies:
    "@sentry/types" "5.5.0"
    tslib "^1.9.3"

"@sentry/utils@6.8.0":
  version "6.8.0"
  resolved "https://registry.nlark.com/@sentry/utils/download/@sentry/utils-6.8.0.tgz?cache=0&sync_timestamp=1624876059412&other_urls=https%3A%2F%2Fregistry.nlark.com%2F%40sentry%2Futils%2Fdownload%2F%40sentry%2Futils-6.8.0.tgz#0ffafa5b69fe0cdeabad5c4a6cc68a426eaa6b37"
  dependencies:
    "@sentry/types" "6.8.0"
    tslib "^1.9.3"

agent-base@^4.1.0:
  version "4.3.0"
  resolved "https://registry.nlark.com/agent-base/download/agent-base-4.3.0.tgz#8165f01c436009bccad0b1d122f05ed770efc6ee"
  dependencies:
    es6-promisify "^5.0.0"

cookie@0.3.1:
  version "0.3.1"
  resolved "https://registry.nlark.com/cookie/download/cookie-0.3.1.tgz#e7e0a1f9ef43b4c8ba925c5c5a96e806d16873bb"

debug@^3.1.0:
  version "3.2.7"
  resolved "https://registry.nlark.com/debug/download/debug-3.2.7.tgz#72580b7e9145fb39b6676f9c5e5fb100b934179a"
  dependencies:
    ms "^2.1.1"

es6-promise@^4.0.3:
  version "4.2.8"
  resolved "https://registry.nlark.com/es6-promise/download/es6-promise-4.2.8.tgz#4eb21594c972bc40553d276e510539143db53e0a"

es6-promisify@^5.0.0:
  version "5.0.0"
  resolved "https://registry.nlark.com/es6-promisify/download/es6-promisify-5.0.0.tgz#5109d62f3e56ea967c4b63505aef08291c8a5203"
  dependencies:
    es6-promise "^4.0.3"

https-proxy-agent@2.2.1:
  version "2.2.1"
  resolved "https://registry.nlark.com/https-proxy-agent/download/https-proxy-agent-2.2.1.tgz#51552970fa04d723e04c56d04178c3f92592bbc0"
  dependencies:
    agent-base "^4.1.0"
    debug "^3.1.0"

lru_map@0.3.3:
  version "0.3.3"
  resolved "https://registry.nlark.com/lru_map/download/lru_map-0.3.3.tgz#b5c8351b9464cbd750335a79650a0ec0e56118dd"

ms@^2.1.1:
  version "2.1.3"
  resolved "https://registry.nlark.com/ms/download/ms-2.1.3.tgz#574c8138ce1d2b5861f0b44579dbadd60c6615b2"

tslib@^1.9.3:
  version "1.14.1"
  resolved "https://registry.nlark.com/tslib/download/tslib-1.14.1.tgz?cache=0&sync_timestamp=1623450901878&other_urls=https%3A%2F%2Fregistry.nlark.com%2Ftslib%2Fdownload%2Ftslib-1.14.1.tgz#cf2d38bdc34a134bcaf1091c41f6619e2f672d00"
